
Microsoft Visual Studio Solution File, Format Version 12.00
# Visual Studio 14
VisualStudioVersion = 14.0.25420.1
MinimumVisualStudioVersion = 10.0.40219.1
Project("{8BB2217D-0F2D-49D1-97BC-3654ED321F3B}") = "CoffeeMachine", "CoffeeMachine\CoffeeMachine.xproj", "{E57E033B-83D4-4F8D-A8C6-D6811B7ABD0D}"
EndProject
Global
	GlobalSection(SolutionConfigurationPlatforms) = preSolution
		Debug|Any CPU = Debug|Any CPU
		Release|Any CPU = Release|Any CPU
	EndGlobalSection
	GlobalSection(ProjectConfigurationPlatforms) = postSolution
		{E57E033B-83D4-4F8D-A8C6-D6811B7ABD0D}.Debug|Any CPU.ActiveCfg = Debug|Any CPU
		{E57E033B-83D4-4F8D-A8C6-D6811B7ABD0D}.Debug|Any CPU.Build.0 = Debug|Any CPU
		{E57E033B-83D4-4F8D-A8C6-D6811B7ABD0D}.Release|Any CPU.ActiveCfg = Release|Any CPU
		{E57E033B-83D4-4F8D-A8C6-D6811B7ABD0D}.Release|Any CPU.Build.0 = Release|Any CPU
	EndGlobalSection
	GlobalSection(SolutionProperties) = preSolution
		HideSolutionNode = FALSE
	EndGlobalSection
EndGlobal
